
Microsoft Visual Studio Solution File, Format Version 12.00
# Visual Studio Version 17
VisualStudioVersion = 17.9.34622.214
MinimumVisualStudioVersion = 10.0.40219.1
Project("{9A19103F-16F7-4668-BE54-9A1E7A4F7556}") = "TGNH.Panel", "TGNH.Panel\TGNH.Panel.csproj", "{95AB2F25-76CB-4B03-926D-D7C437633238}"
EndProject
Project("{9A19103F-16F7-4668-BE54-9A1E7A4F7556}") = "API", "API\API.csproj", "{B1240E4C-974E-4D37-8EB5-40A4D92625AB}"
EndProject
Project("{9A19103F-16F7-4668-BE54-9A1E7A4F7556}") = "Application", "Application\Application.csproj", "{20F147C3-13A2-4BDB-B534-57FBAE6E936A}"
EndProject
Project("{9A19103F-16F7-4668-BE54-9A1E7A4F7556}") = "Domain", "Domain\Domain.csproj", "{D6AA6438-D589-4E3A-8529-FF6F055B37BA}"
EndProject
Project("{9A19103F-16F7-4668-BE54-9A1E7A4F7556}") = "Domain.Test", "Domain.Test\Domain.Test.csproj", "{5FCD0D80-5D88-4CC2-B2C8-40C2EA13C09E}"
EndProject
Project("{9A19103F-16F7-4668-BE54-9A1E7A4F7556}") = "Persistence", "Persistence\Persistence.csproj", "{E672FF28-807A-4C32-A23A-B897DC3FD838}"
EndProject
Project("{9A19103F-16F7-4668-BE54-9A1E7A4F7556}") = "Resources", "Resources\Resources.csproj", "{A3538AF7-7F18-4FF5-B8E2-E8267EE002C1}"
EndProject
Project("{9A19103F-16F7-4668-BE54-9A1E7A4F7556}") = "ViewModel", "ViewModel\ViewModel.csproj", "{EACFDE43-E778-4081-875A-DFF6F27661AB}"
EndProject
Project("{9A19103F-16F7-4668-BE54-9A1E7A4F7556}") = "TGNH", "TGNH\TGNH.csproj", "{797FEAD6-D0FA-48CE-A8F3-0E2CA80A6370}"
EndProject
Project("{9A19103F-16F7-4668-BE54-9A1E7A4F7556}") = "TGNH.Logging", "TGNH.Logging\TGNH.Logging.csproj", "{C48F5C13-1E4F-40DC-8D20-039EAAF547F1}"
EndProject
Project("{9A19103F-16F7-4668-BE54-9A1E7A4F7556}") = "TGNH.Test", "TGNH.Test\TGNH.Test.csproj", "{B7B1D95D-9BB9-40D1-84C7-DFB5AD606D3F}"
EndProject
Project("{2150E333-8FDC-42A3-9474-1A3956D46DE8}") = "UI", "UI", "{52B2D574-E4B6-4D4A-8D91-406FC715D44B}"
EndProject
Project("{2150E333-8FDC-42A3-9474-1A3956D46DE8}") = "Domain", "Domain", "{23A1A1B2-8C89-415A-8194-F8FA47F41967}"
EndProject
Project("{2150E333-8FDC-42A3-9474-1A3956D46DE8}") = "Framework", "Framework", "{83D933B4-36F2-44C2-8E4E-04D5188B883D}"
EndProject
Project("{2150E333-8FDC-42A3-9474-1A3956D46DE8}") = "Infrastructure", "Infrastructure", "{1D14A3E6-A59A-48B5-93E4-03F5A10EC54D}"
EndProject
Project("{2150E333-8FDC-42A3-9474-1A3956D46DE8}") = "Test", "Test", "{EE60BBC5-15F6-4B36-911A-17E4F33BB9DD}"
EndProject
Project("{2150E333-8FDC-42A3-9474-1A3956D46DE8}") = "Resources", "Resources", "{74BC2FF5-36BC-4642-9671-5B1ECE0C4917}"
EndProject
Project("{2150E333-8FDC-42A3-9474-1A3956D46DE8}") = "API", "API", "{363C8C81-E977-462C-B675-79B010A0C8F3}"
EndProject
Global
	GlobalSection(SolutionConfigurationPlatforms) = preSolution
		Debug|Any CPU = Debug|Any CPU
		Release|Any CPU = Release|Any CPU
	EndGlobalSection
	GlobalSection(ProjectConfigurationPlatforms) = postSolution
		{95AB2F25-76CB-4B03-926D-D7C437633238}.Debug|Any CPU.ActiveCfg = Debug|Any CPU
		{95AB2F25-76CB-4B03-926D-D7C437633238}.Debug|Any CPU.Build.0 = Debug|Any CPU
		{95AB2F25-76CB-4B03-926D-D7C437633238}.Release|Any CPU.ActiveCfg = Release|Any CPU
		{95AB2F25-76CB-4B03-926D-D7C437633238}.Release|Any CPU.Build.0 = Release|Any CPU
		{B1240E4C-974E-4D37-8EB5-40A4D92625AB}.Debug|Any CPU.ActiveCfg = Debug|Any CPU
		{B1240E4C-974E-4D37-8EB5-40A4D92625AB}.Debug|Any CPU.Build.0 = Debug|Any CPU
		{B1240E4C-974E-4D37-8EB5-40A4D92625AB}.Release|Any CPU.ActiveCfg = Release|Any CPU
		{B1240E4C-974E-4D37-8EB5-40A4D92625AB}.Release|Any CPU.Build.0 = Release|Any CPU
		{20F147C3-13A2-4BDB-B534-57FBAE6E936A}.Debug|Any CPU.ActiveCfg = Debug|Any CPU
		{20F147C3-13A2-4BDB-B534-57FBAE6E936A}.Debug|Any CPU.Build.0 = Debug|Any CPU
		{20F147C3-13A2-4BDB-B534-57FBAE6E936A}.Release|Any CPU.ActiveCfg = Release|Any CPU
		{20F147C3-13A2-4BDB-B534-57FBAE6E936A}.Release|Any CPU.Build.0 = Release|Any CPU
		{D6AA6438-D589-4E3A-8529-FF6F055B37BA}.Debug|Any CPU.ActiveCfg = Debug|Any CPU
		{D6AA6438-D589-4E3A-8529-FF6F055B37BA}.Debug|Any CPU.Build.0 = Debug|Any CPU
		{D6AA6438-D589-4E3A-8529-FF6F055B37BA}.Release|Any CPU.ActiveCfg = Release|Any CPU
		{D6AA6438-D589-4E3A-8529-FF6F055B37BA}.Release|Any CPU.Build.0 = Release|Any CPU
		{5FCD0D80-5D88-4CC2-B2C8-40C2EA13C09E}.Debug|Any CPU.ActiveCfg = Debug|Any CPU
		{5FCD0D80-5D88-4CC2-B2C8-40C2EA13C09E}.Debug|Any CPU.Build.0 = Debug|Any CPU
		{5FCD0D80-5D88-4CC2-B2C8-40C2EA13C09E}.Release|Any CPU.ActiveCfg = Release|Any CPU
		{5FCD0D80-5D88-4CC2-B2C8-40C2EA13C09E}.Release|Any CPU.Build.0 = Release|Any CPU
		{E672FF28-807A-4C32-A23A-B897DC3FD838}.Debug|Any CPU.ActiveCfg = Debug|Any CPU
		{E672FF28-807A-4C32-A23A-B897DC3FD838}.Debug|Any CPU.Build.0 = Debug|Any CPU
		{E672FF28-807A-4C32-A23A-B897DC3FD838}.Release|Any CPU.ActiveCfg = Release|Any CPU
		{E672FF28-807A-4C32-A23A-B897DC3FD838}.Release|Any CPU.Build.0 = Release|Any CPU
		{A3538AF7-7F18-4FF5-B8E2-E8267EE002C1}.Debug|Any CPU.ActiveCfg = Debug|Any CPU
		{A3538AF7-7F18-4FF5-B8E2-E8267EE002C1}.Debug|Any CPU.Build.0 = Debug|Any CPU
		{A3538AF7-7F18-4FF5-B8E2-E8267EE002C1}.Release|Any CPU.ActiveCfg = Release|Any CPU
		{A3538AF7-7F18-4FF5-B8E2-E8267EE002C1}.Release|Any CPU.Build.0 = Release|Any CPU
		{EACFDE43-E778-4081-875A-DFF6F27661AB}.Debug|Any CPU.ActiveCfg = Debug|Any CPU
		{EACFDE43-E778-4081-875A-DFF6F27661AB}.Debug|Any CPU.Build.0 = Debug|Any CPU
		{EACFDE43-E778-4081-875A-DFF6F27661AB}.Release|Any CPU.ActiveCfg = Release|Any CPU
		{EACFDE43-E778-4081-875A-DFF6F27661AB}.Release|Any CPU.Build.0 = Release|Any CPU
		{797FEAD6-D0FA-48CE-A8F3-0E2CA80A6370}.Debug|Any CPU.ActiveCfg = Debug|Any CPU
		{797FEAD6-D0FA-48CE-A8F3-0E2CA80A6370}.Debug|Any CPU.Build.0 = Debug|Any CPU
		{797FEAD6-D0FA-48CE-A8F3-0E2CA80A6370}.Release|Any CPU.ActiveCfg = Release|Any CPU
		{797FEAD6-D0FA-48CE-A8F3-0E2CA80A6370}.Release|Any CPU.Build.0 = Release|Any CPU
		{C48F5C13-1E4F-40DC-8D20-039EAAF547F1}.Debug|Any CPU.ActiveCfg = Debug|Any CPU
		{C48F5C13-1E4F-40DC-8D20-039EAAF547F1}.Debug|Any CPU.Build.0 = Debug|Any CPU
		{C48F5C13-1E4F-40DC-8D20-039EAAF547F1}.Release|Any CPU.ActiveCfg = Release|Any CPU
		{C48F5C13-1E4F-40DC-8D20-039EAAF547F1}.Release|Any CPU.Build.0 = Release|Any CPU
		{B7B1D95D-9BB9-40D1-84C7-DFB5AD606D3F}.Debug|Any CPU.ActiveCfg = Debug|Any CPU
		{B7B1D95D-9BB9-40D1-84C7-DFB5AD606D3F}.Debug|Any CPU.Build.0 = Debug|Any CPU
		{B7B1D95D-9BB9-40D1-84C7-DFB5AD606D3F}.Release|Any CPU.ActiveCfg = Release|Any CPU
		{B7B1D95D-9BB9-40D1-84C7-DFB5AD606D3F}.Release|Any CPU.Build.0 = Release|Any CPU
	EndGlobalSection
	GlobalSection(SolutionProperties) = preSolution
		HideSolutionNode = FALSE
	EndGlobalSection
	GlobalSection(NestedProjects) = preSolution
		{95AB2F25-76CB-4B03-926D-D7C437633238} = {52B2D574-E4B6-4D4A-8D91-406FC715D44B}
		{B1240E4C-974E-4D37-8EB5-40A4D92625AB} = {363C8C81-E977-462C-B675-79B010A0C8F3}
		{20F147C3-13A2-4BDB-B534-57FBAE6E936A} = {1D14A3E6-A59A-48B5-93E4-03F5A10EC54D}
		{D6AA6438-D589-4E3A-8529-FF6F055B37BA} = {23A1A1B2-8C89-415A-8194-F8FA47F41967}
		{5FCD0D80-5D88-4CC2-B2C8-40C2EA13C09E} = {EE60BBC5-15F6-4B36-911A-17E4F33BB9DD}
		{E672FF28-807A-4C32-A23A-B897DC3FD838} = {1D14A3E6-A59A-48B5-93E4-03F5A10EC54D}
		{A3538AF7-7F18-4FF5-B8E2-E8267EE002C1} = {74BC2FF5-36BC-4642-9671-5B1ECE0C4917}
		{EACFDE43-E778-4081-875A-DFF6F27661AB} = {1D14A3E6-A59A-48B5-93E4-03F5A10EC54D}
		{797FEAD6-D0FA-48CE-A8F3-0E2CA80A6370} = {83D933B4-36F2-44C2-8E4E-04D5188B883D}
		{C48F5C13-1E4F-40DC-8D20-039EAAF547F1} = {83D933B4-36F2-44C2-8E4E-04D5188B883D}
		{B7B1D95D-9BB9-40D1-84C7-DFB5AD606D3F} = {EE60BBC5-15F6-4B36-911A-17E4F33BB9DD}
	EndGlobalSection
	GlobalSection(ExtensibilityGlobals) = postSolution
		SolutionGuid = {684890F2-1EEB-47F7-9207-39840A9864BD}
	EndGlobalSection
EndGlobal
